Microsoft Visual Studio Solution File, Format Version 12.00
# Visual Studio Version 17
VisualStudioVersion = 17.5.2.0
MinimumVisualStudioVersion = 10.0.40219.1
Project("{FAE04EC0-301F-11D3-BF4B-00C04F79EFBC}") = "BookingSystem.Tests", "BookingSystem.Tests\BookingSystem.Tests.csproj", "{6CB9A3CA-792C-F8E1-B53B-1C333969B2F8}"
EndProject
Project("{FAE04EC0-301F-11D3-BF4B-00C04F79EFBC}") = "BookingSystem", "BookingSystem\BookingSystem.csproj", "{58FEB7EE-2DF8-0057-ECD5-3035F32686D3}"
EndProject
Global
	GlobalSection(SolutionConfigurationPlatforms) = preSolution
		Debug|Any CPU = Debug|Any CPU
		Release|Any CPU = Release|Any CPU
	EndGlobalSection
	GlobalSection(ProjectConfigurationPlatforms) = postSolution
		{6CB9A3CA-792C-F8E1-B53B-1C333969B2F8}.Debug|Any CPU.ActiveCfg = Debug|Any CPU
		{6CB9A3CA-792C-F8E1-B53B-1C333969B2F8}.Debug|Any CPU.Build.0 = Debug|Any CPU
		{6CB9A3CA-792C-F8E1-B53B-1C333969B2F8}.Release|Any CPU.ActiveCfg = Release|Any CPU
		{6CB9A3CA-792C-F8E1-B53B-1C333969B2F8}.Release|Any CPU.Build.0 = Release|Any CPU
		{58FEB7EE-2DF8-0057-ECD5-3035F32686D3}.Debug|Any CPU.ActiveCfg = Debug|Any CPU
		{58FEB7EE-2DF8-0057-ECD5-3035F32686D3}.Debug|Any CPU.Build.0 = Debug|Any CPU
		{58FEB7EE-2DF8-0057-ECD5-3035F32686D3}.Release|Any CPU.ActiveCfg = Release|Any CPU
		{58FEB7EE-2DF8-0057-ECD5-3035F32686D3}.Release|Any CPU.Build.0 = Release|Any CPU
	EndGlobalSection
	GlobalSection(SolutionProperties) = preSolution
		HideSolutionNode = FALSE
	EndGlobalSection
	GlobalSection(ExtensibilityGlobals) = postSolution
		SolutionGuid = {DB68B5D7-81D8-4DCA-95A6-3C8DBC310A6C}
	EndGlobalSection
EndGlobal
